
Microsoft Visual Studio Solution File, Format Version 12.00
# Visual Studio Version 17
VisualStudioVersion = 17.8.34316.72
MinimumVisualStudioVersion = 10.0.40219.1
Project("{FAE04EC0-301F-11D3-BF4B-00C04F79EFBC}") = "PluginsTreinamento", "PluginsTreinamento.csproj", "{4C05A2C5-1348-4310-BD7C-D66AD1DDE665}"
EndProject
Global
	GlobalSection(SolutionConfigurationPlatforms) = preSolution
		Debug|Any CPU = Debug|Any CPU
		Release|Any CPU = Release|Any CPU
	EndGlobalSection
	GlobalSection(ProjectConfigurationPlatforms) = postSolution
		{4C05A2C5-1348-4310-BD7C-D66AD1DDE665}.Debug|Any CPU.ActiveCfg = Debug|Any CPU
		{4C05A2C5-1348-4310-BD7C-D66AD1DDE665}.Debug|Any CPU.Build.0 = Debug|Any CPU
		{4C05A2C5-1348-4310-BD7C-D66AD1DDE665}.Release|Any CPU.ActiveCfg = Release|Any CPU
		{4C05A2C5-1348-4310-BD7C-D66AD1DDE665}.Release|Any CPU.Build.0 = Release|Any CPU
	EndGlobalSection
	GlobalSection(SolutionProperties) = preSolution
		HideSolutionNode = FALSE
	EndGlobalSection
	GlobalSection(ExtensibilityGlobals) = postSolution
		SolutionGuid = {1D24EBAA-488F-4E5D-9DA2-4A242879E5E7}
	EndGlobalSection
EndGlobal
